
Microsoft Visual Studio Solution File, Format Version 12.00
# Visual Studio Version 16
VisualStudioVersion = 16.0.29009.5
MinimumVisualStudioVersion = 10.0.40219.1
Project("{FAE04EC0-301F-11D3-BF4B-00C04F79EFBC}") = "CredPago", "CredPago\CredPago.csproj", "{30A3D3BE-2656-460F-B8C9-91151B14B480}"
EndProject
Project("{FAE04EC0-301F-11D3-BF4B-00C04F79EFBC}") = "Data.CredPago", "Data.CredPago\Data.CredPago.csproj", "{4782AEEC-C9B5-4126-8A5B-A0BED1BF2117}"
EndProject
Project("{FAE04EC0-301F-11D3-BF4B-00C04F79EFBC}") = "Library.CredPago", "Library.CredPago\Library.CredPago.csproj", "{C433A5E5-8A1E-42C6-A4C5-0BB5E7006484}"
EndProject
Global
	GlobalSection(SolutionConfigurationPlatforms) = preSolution
		Debug|Any CPU = Debug|Any CPU
		Release|Any CPU = Release|Any CPU
	EndGlobalSection
	GlobalSection(ProjectConfigurationPlatforms) = postSolution
		{30A3D3BE-2656-460F-B8C9-91151B14B480}.Debug|Any CPU.ActiveCfg = Debug|Any CPU
		{30A3D3BE-2656-460F-B8C9-91151B14B480}.Debug|Any CPU.Build.0 = Debug|Any CPU
		{30A3D3BE-2656-460F-B8C9-91151B14B480}.Release|Any CPU.ActiveCfg = Release|Any CPU
		{30A3D3BE-2656-460F-B8C9-91151B14B480}.Release|Any CPU.Build.0 = Release|Any CPU
		{4782AEEC-C9B5-4126-8A5B-A0BED1BF2117}.Debug|Any CPU.ActiveCfg = Debug|Any CPU
		{4782AEEC-C9B5-4126-8A5B-A0BED1BF2117}.Debug|Any CPU.Build.0 = Debug|Any CPU
		{4782AEEC-C9B5-4126-8A5B-A0BED1BF2117}.Release|Any CPU.ActiveCfg = Release|Any CPU
		{4782AEEC-C9B5-4126-8A5B-A0BED1BF2117}.Release|Any CPU.Build.0 = Release|Any CPU
		{C433A5E5-8A1E-42C6-A4C5-0BB5E7006484}.Debug|Any CPU.ActiveCfg = Debug|Any CPU
		{C433A5E5-8A1E-42C6-A4C5-0BB5E7006484}.Debug|Any CPU.Build.0 = Debug|Any CPU
		{C433A5E5-8A1E-42C6-A4C5-0BB5E7006484}.Release|Any CPU.ActiveCfg = Release|Any CPU
		{C433A5E5-8A1E-42C6-A4C5-0BB5E7006484}.Release|Any CPU.Build.0 = Release|Any CPU
	EndGlobalSection
	GlobalSection(SolutionProperties) = preSolution
		HideSolutionNode = FALSE
	EndGlobalSection
	GlobalSection(ExtensibilityGlobals) = postSolution
		SolutionGuid = {0870509B-9EBF-49E7-8FDF-C4D34D677E18}
	EndGlobalSection
EndGlobal
